
Microsoft Visual Studio Solution File, Format Version 12.00
# Visual Studio Version 17
VisualStudioVersion = 17.8.34316.72
MinimumVisualStudioVersion = 10.0.40219.1
Project("{FAE04EC0-301F-11D3-BF4B-00C04F79EFBC}") = "task4-1", "task4-1\task4-1.csproj", "{4812BB8C-75E8-4A64-8519-57C9E4ECD0A7}"
EndProject
Global
	GlobalSection(SolutionConfigurationPlatforms) = preSolution
		Debug|Any CPU = Debug|Any CPU
		Release|Any CPU = Release|Any CPU
	EndGlobalSection
	GlobalSection(ProjectConfigurationPlatforms) = postSolution
		{4812BB8C-75E8-4A64-8519-57C9E4ECD0A7}.Debug|Any CPU.ActiveCfg = Debug|Any CPU
		{4812BB8C-75E8-4A64-8519-57C9E4ECD0A7}.Debug|Any CPU.Build.0 = Debug|Any CPU
		{4812BB8C-75E8-4A64-8519-57C9E4ECD0A7}.Release|Any CPU.ActiveCfg = Release|Any CPU
		{4812BB8C-75E8-4A64-8519-57C9E4ECD0A7}.Release|Any CPU.Build.0 = Release|Any CPU
	EndGlobalSection
	GlobalSection(SolutionProperties) = preSolution
		HideSolutionNode = FALSE
	EndGlobalSection
	GlobalSection(ExtensibilityGlobals) = postSolution
		SolutionGuid = {C2D59D77-0A70-40BE-B22A-D79F4E1EA50A}
	EndGlobalSection
EndGlobal
